// !$*UTF8*$!
{
	archiveVersion = 1;
	classes = {
	};
	objectVersion = 56;
	objects = {

/* Begin PBXBuildFile section */
		5DC39B9B2BA770F500F6CDB7 /* TabBarController.swift in Sources */ = {isa = PBXBuildFile; fileRef = 5DC39B9A2BA770F500F6CDB7 /* TabBarController.swift */; };
		5DC39B9D2BA771F000F6CDB7 /* StatisticsViewController.swift in Sources */ = {isa = PBXBuildFile; fileRef = 5DC39B9C2BA771F000F6CDB7 /* StatisticsViewController.swift */; };
		5DC39C0E2BB5F8EE00F6CDB7 /* Tracker.swift in Sources */ = {isa = PBXBuildFile; fileRef = 5DC39C0D2BB5F8EE00F6CDB7 /* Tracker.swift */; };
		5DC39C102BB5F92000F6CDB7 /* TrackerCategory.swift in Sources */ = {isa = PBXBuildFile; fileRef = 5DC39C0F2BB5F92000F6CDB7 /* TrackerCategory.swift */; };
		5DC39C122BB5F95400F6CDB7 /* TrackerRecord.swift in Sources */ = {isa = PBXBuildFile; fileRef = 5DC39C112BB5F95400F6CDB7 /* TrackerRecord.swift */; };
		5DC39C162BB876F200F6CDB7 /* TrackerCell.swift in Sources */ = {isa = PBXBuildFile; fileRef = 5DC39C152BB876F100F6CDB7 /* TrackerCell.swift */; };
		5DC39C182BB8D23B00F6CDB7 /* CreateTrackerViewController.swift in Sources */ = {isa = PBXBuildFile; fileRef = 5DC39C172BB8D23B00F6CDB7 /* CreateTrackerViewController.swift */; };
		5DC39C1A2BB8D6F300F6CDB7 /* HeaderSectionView.swift in Sources */ = {isa = PBXBuildFile; fileRef = 5DC39C192BB8D6F300F6CDB7 /* HeaderSectionView.swift */; };
		5DC39C212BB8E4F700F6CDB7 /* Weekdays.swift in Sources */ = {isa = PBXBuildFile; fileRef = 5DC39C202BB8E4F700F6CDB7 /* Weekdays.swift */; };
		5DC39C232BB8EA7E00F6CDB7 /* DataManager.swift in Sources */ = {isa = PBXBuildFile; fileRef = 5DC39C222BB8EA7E00F6CDB7 /* DataManager.swift */; };
		5DC39C252BB970AF00F6CDB7 /* Colors.swift in Sources */ = {isa = PBXBuildFile; fileRef = 5DC39C242BB970AF00F6CDB7 /* Colors.swift */; };
		5DD2DB2B2B9FC4D000EF1636 /* AppDelegate.swift in Sources */ = {isa = PBXBuildFile; fileRef = 5DD2DB2A2B9FC4D000EF1636 /* AppDelegate.swift */; };
		5DD2DB2D2B9FC4D000EF1636 /* SceneDelegate.swift in Sources */ = {isa = PBXBuildFile; fileRef = 5DD2DB2C2B9FC4D000EF1636 /* SceneDelegate.swift */; };
		5DD2DB2F2B9FC4D000EF1636 /* TrackersViewController.swift in Sources */ = {isa = PBXBuildFile; fileRef = 5DD2DB2E2B9FC4D000EF1636 /* TrackersViewController.swift */; };
		5DD2DB342B9FC4D200EF1636 /* Assets.xcassets in Resources */ = {isa = PBXBuildFile; fileRef = 5DD2DB332B9FC4D200EF1636 /* Assets.xcassets */; };
		5DD2DB372B9FC4D200EF1636 /* LaunchScreen.storyboard in Resources */ = {isa = PBXBuildFile; fileRef = 5DD2DB352B9FC4D200EF1636 /* LaunchScreen.storyboard */; };
/* End PBXBuildFile section */

/* Begin PBXFileReference section */
		5DC39B9A2BA770F500F6CDB7 /* TabBarController.swift */ = {isa = PBXFileReference; lastKnownFileType = sourcecode.swift; path = TabBarController.swift; sourceTree = "<group>"; };
		5DC39B9C2BA771F000F6CDB7 /* StatisticsViewController.swift */ = {isa = PBXFileReference; lastKnownFileType = sourcecode.swift; path = StatisticsViewController.swift; sourceTree = "<group>"; };
		5DC39C0D2BB5F8EE00F6CDB7 /* Tracker.swift */ = {isa = PBXFileReference; lastKnownFileType = sourcecode.swift; path = Tracker.swift; sourceTree = "<group>"; };
		5DC39C0F2BB5F92000F6CDB7 /* TrackerCategory.swift */ = {isa = PBXFileReference; lastKnownFileType = sourcecode.swift; path = TrackerCategory.swift; sourceTree = "<group>"; };
		5DC39C112BB5F95400F6CDB7 /* TrackerRecord.swift */ = {isa = PBXFileReference; lastKnownFileType = sourcecode.swift; path = TrackerRecord.swift; sourceTree = "<group>"; };
		5DC39C152BB876F100F6CDB7 /* TrackerCell.swift */ = {isa = PBXFileReference; lastKnownFileType = sourcecode.swift; path = TrackerCell.swift; sourceTree = "<group>"; };
		5DC39C172BB8D23B00F6CDB7 /* CreateTrackerViewController.swift */ = {isa = PBXFileReference; lastKnownFileType = sourcecode.swift; path = CreateTrackerViewController.swift; sourceTree = "<group>"; };
		5DC39C192BB8D6F300F6CDB7 /* HeaderSectionView.swift */ = {isa = PBXFileReference; lastKnownFileType = sourcecode.swift; path = HeaderSectionView.swift; sourceTree = "<group>"; };
		5DC39C202BB8E4F700F6CDB7 /* Weekdays.swift */ = {isa = PBXFileReference; lastKnownFileType = sourcecode.swift; path = Weekdays.swift; sourceTree = "<group>"; };
		5DC39C222BB8EA7E00F6CDB7 /* DataManager.swift */ = {isa = PBXFileReference; lastKnownFileType = sourcecode.swift; path = DataManager.swift; sourceTree = "<group>"; };
		5DC39C242BB970AF00F6CDB7 /* Colors.swift */ = {isa = PBXFileReference; lastKnownFileType = sourcecode.swift; path = Colors.swift; sourceTree = "<group>"; };
		5DD2DB272B9FC4D000EF1636 /* Tracker.app */ = {isa = PBXFileReference; explicitFileType = wrapper.application; includeInIndex = 0; path = Tracker.app; sourceTree = BUILT_PRODUCTS_DIR; };
		5DD2DB2A2B9FC4D000EF1636 /* AppDelegate.swift */ = {isa = PBXFileReference; lastKnownFileType = sourcecode.swift; path = AppDelegate.swift; sourceTree = "<group>"; };
		5DD2DB2C2B9FC4D000EF1636 /* SceneDelegate.swift */ = {isa = PBXFileReference; lastKnownFileType = sourcecode.swift; path = SceneDelegate.swift; sourceTree = "<group>"; };
		5DD2DB2E2B9FC4D000EF1636 /* TrackersViewController.swift */ = {isa = PBXFileReference; lastKnownFileType = sourcecode.swift; path = TrackersViewController.swift; sourceTree = "<group>"; };
		5DD2DB332B9FC4D200EF1636 /* Assets.xcassets */ = {isa = PBXFileReference; lastKnownFileType = folder.assetcatalog; path = Assets.xcassets; sourceTree = "<group>"; };
		5DD2DB362B9FC4D200EF1636 /* Base */ = {isa = PBXFileReference; lastKnownFileType = file.storyboard; name = Base; path = Base.lproj/LaunchScreen.storyboard; sourceTree = "<group>"; };
		5DD2DB382B9FC4D200EF1636 /* Info.plist */ = {isa = PBXFileReference; lastKnownFileType = text.plist.xml; path = Info.plist; sourceTree = "<group>"; };
/* End PBXFileReference section */

/* Begin PBXFrameworksBuildPhase section */
		5DD2DB242B9FC4D000EF1636 /* Frameworks */ = {
			isa = PBXFrameworksBuildPhase;
			buildActionMask = 2147483647;
			files = (
			);
			runOnlyForDeploymentPostprocessing = 0;
		};
/* End PBXFrameworksBuildPhase section */

/* Begin PBXGroup section */
		5DC39B992BA770E000F6CDB7 /* TabBarController */ = {
			isa = PBXGroup;
			children = (
				5DC39B9A2BA770F500F6CDB7 /* TabBarController.swift */,
			);
			path = TabBarController;
			sourceTree = "<group>";
		};
		5DC39C0C2BB5F8AE00F6CDB7 /* Models */ = {
			isa = PBXGroup;
			children = (
				5DC39C0D2BB5F8EE00F6CDB7 /* Tracker.swift */,
				5DC39C0F2BB5F92000F6CDB7 /* TrackerCategory.swift */,
				5DC39C112BB5F95400F6CDB7 /* TrackerRecord.swift */,
				5DC39C202BB8E4F700F6CDB7 /* Weekdays.swift */,
				5DC39C222BB8EA7E00F6CDB7 /* DataManager.swift */,
			);
			path = Models;
			sourceTree = "<group>";
		};
		5DC39C1B2BB8E24000F6CDB7 /* Extension */ = {
			isa = PBXGroup;
			children = (
				5DC39C242BB970AF00F6CDB7 /* Colors.swift */,
			);
			path = Extension;
			sourceTree = "<group>";
		};
		5DD2DB1E2B9FC4D000EF1636 = {
			isa = PBXGroup;
			children = (
				5DD2DB292B9FC4D000EF1636 /* Tracker */,
				5DD2DB282B9FC4D000EF1636 /* Products */,
			);
			sourceTree = "<group>";
		};
		5DD2DB282B9FC4D000EF1636 /* Products */ = {
			isa = PBXGroup;
			children = (
				5DD2DB272B9FC4D000EF1636 /* Tracker.app */,
			);
			name = Products;
			sourceTree = "<group>";
		};
		5DD2DB292B9FC4D000EF1636 /* Tracker */ = {
			isa = PBXGroup;
			children = (
				5DD2DB2A2B9FC4D000EF1636 /* AppDelegate.swift */,
				5DD2DB2C2B9FC4D000EF1636 /* SceneDelegate.swift */,
				5DC39C0C2BB5F8AE00F6CDB7 /* Models */,
				5DC39B992BA770E000F6CDB7 /* TabBarController */,
				5DD2DB2E2B9FC4D000EF1636 /* TrackersViewController.swift */,
				5DC39C152BB876F100F6CDB7 /* TrackerCell.swift */,
				5DC39C192BB8D6F300F6CDB7 /* HeaderSectionView.swift */,
				5DC39C172BB8D23B00F6CDB7 /* CreateTrackerViewController.swift */,
				5DC39B9C2BA771F000F6CDB7 /* StatisticsViewController.swift */,
				5DC39C1B2BB8E24000F6CDB7 /* Extension */,
				5DD2DB332B9FC4D200EF1636 /* Assets.xcassets */,
				5DD2DB352B9FC4D200EF1636 /* LaunchScreen.storyboard */,
				5DD2DB382B9FC4D200EF1636 /* Info.plist */,
			);
			path = Tracker;
			sourceTree = "<group>";
		};
/* End PBXGroup section */

/* Begin PBXNativeTarget section */
		5DD2DB262B9FC4D000EF1636 /* Tracker */ = {
			isa = PBXNativeTarget;
			buildConfigurationList = 5DD2DB512B9FC4D300EF1636 /* Build configuration list for PBXNativeTarget "Tracker" */;
			buildPhases = (
				5DD2DB232B9FC4D000EF1636 /* Sources */,
				5DD2DB242B9FC4D000EF1636 /* Frameworks */,
				5DD2DB252B9FC4D000EF1636 /* Resources */,
			);
			buildRules = (
			);
			dependencies = (
			);
			name = Tracker;
			productName = Tracker;
			productReference = 5DD2DB272B9FC4D000EF1636 /* Tracker.app */;
			productType = "com.apple.product-type.application";
		};
/* End PBXNativeTarget section */

/* Begin PBXProject section */
		5DD2DB1F2B9FC4D000EF1636 /* Project object */ = {
			isa = PBXProject;
			attributes = {
				BuildIndependentTargetsInParallel = 1;
				LastSwiftUpdateCheck = 1420;
				LastUpgradeCheck = 1420;
				TargetAttributes = {
					5DD2DB262B9FC4D000EF1636 = {
						CreatedOnToolsVersion = 14.2;
					};
				};
			};
			buildConfigurationList = 5DD2DB222B9FC4D000EF1636 /* Build configuration list for PBXProject "Tracker" */;
			compatibilityVersion = "Xcode 14.0";
			developmentRegion = en;
			hasScannedForEncodings = 0;
			knownRegions = (
				en,
				Base,
			);
			mainGroup = 5DD2DB1E2B9FC4D000EF1636;
			productRefGroup = 5DD2DB282B9FC4D000EF1636 /* Products */;
			projectDirPath = "";
			projectRoot = "";
			targets = (
				5DD2DB262B9FC4D000EF1636 /* Tracker */,
			);
		};
/* End PBXProject section */

/* Begin PBXResourcesBuildPhase section */
		5DD2DB252B9FC4D000EF1636 /* Resources */ = {
			isa = PBXResourcesBuildPhase;
			buildActionMask = 2147483647;
			files = (
				5DD2DB372B9FC4D200EF1636 /* LaunchScreen.storyboard in Resources */,
				5DD2DB342B9FC4D200EF1636 /* Assets.xcassets in Resources */,
			);
			runOnlyForDeploymentPostprocessing = 0;
		};
/* End PBXResourcesBuildPhase section */

/* Begin PBXSourcesBuildPhase section */
		5DD2DB232B9FC4D000EF1636 /* Sources */ = {
			isa = PBXSourcesBuildPhase;
			buildActionMask = 2147483647;
			files = (
				5DD2DB2F2B9FC4D000EF1636 /* TrackersViewController.swift in Sources */,
				5DC39C252BB970AF00F6CDB7 /* Colors.swift in Sources */,
				5DC39C162BB876F200F6CDB7 /* TrackerCell.swift in Sources */,
				5DC39B9D2BA771F000F6CDB7 /* StatisticsViewController.swift in Sources */,
				5DC39C232BB8EA7E00F6CDB7 /* DataManager.swift in Sources */,
				5DC39C182BB8D23B00F6CDB7 /* CreateTrackerViewController.swift in Sources */,
				5DC39C102BB5F92000F6CDB7 /* TrackerCategory.swift in Sources */,
				5DC39C1A2BB8D6F300F6CDB7 /* HeaderSectionView.swift in Sources */,
				5DC39B9B2BA770F500F6CDB7 /* TabBarController.swift in Sources */,
				5DC39C212BB8E4F700F6CDB7 /* Weekdays.swift in Sources */,
				5DC39C122BB5F95400F6CDB7 /* TrackerRecord.swift in Sources */,
				5DD2DB2B2B9FC4D000EF1636 /* AppDelegate.swift in Sources */,
				5DD2DB2D2B9FC4D000EF1636 /* SceneDelegate.swift in Sources */,
				5DC39C0E2BB5F8EE00F6CDB7 /* Tracker.swift in Sources */,
			);
			runOnlyForDeploymentPostprocessing = 0;
		};
/* End PBXSourcesBuildPhase section */

/* Begin PBXVariantGroup section */
		5DD2DB352B9FC4D200EF1636 /* LaunchScreen.storyboard */ = {
			isa = PBXVariantGroup;
			children = (
				5DD2DB362B9FC4D200EF1636 /* Base */,
			);
			name = LaunchScreen.storyboard;
			sourceTree = "<group>";
		};
/* End PBXVariantGroup section */

/* Begin XCBuildConfiguration section */
		5DD2DB4F2B9FC4D300EF1636 /* Debug */ = {
			isa = XCBuildConfiguration;
			buildSettings = {
				ALWAYS_SEARCH_USER_PATHS = NO;
				CLANG_ANALYZER_NONNULL = YES;
				CLANG_ANALYZER_NUMBER_OBJECT_CONVERSION = YES_AGGRESSIVE;
				CLANG_CXX_LANGUAGE_STANDARD = "gnu++20";
				CLANG_ENABLE_MODULES = YES;
				CLANG_ENABLE_OBJC_ARC = YES;
				CLANG_ENABLE_OBJC_WEAK = YES;
				CLANG_WARN_BLOCK_CAPTURE_AUTORELEASING = YES;
				CLANG_WARN_BOOL_CONVERSION = YES;
				CLANG_WARN_COMMA = YES;
				CLANG_WARN_CONSTANT_CONVERSION = YES;
				CLANG_WARN_DEPRECATED_OBJC_IMPLEMENTATIONS = YES;
				CLANG_WARN_DIRECT_OBJC_ISA_USAGE = YES_ERROR;
				CLANG_WARN_DOCUMENTATION_COMMENTS = YES;
				CLANG_WARN_EMPTY_BODY = YES;
				CLANG_WARN_ENUM_CONVERSION = YES;
				CLANG_WARN_INFINITE_RECURSION = YES;
				CLANG_WARN_INT_CONVERSION = YES;
				CLANG_WARN_NON_LITERAL_NULL_CONVERSION = YES;
				CLANG_WARN_OBJC_IMPLICIT_RETAIN_SELF = YES;
				CLANG_WARN_OBJC_LITERAL_CONVERSION = YES;
				CLANG_WARN_OBJC_ROOT_CLASS = YES_ERROR;
				CLANG_WARN_QUOTED_INCLUDE_IN_FRAMEWORK_HEADER = YES;
				CLANG_WARN_RANGE_LOOP_ANALYSIS = YES;
				CLANG_WARN_STRICT_PROTOTYPES = YES;
				CLANG_WARN_SUSPICIOUS_MOVE = YES;
				CLANG_WARN_UNGUARDED_AVAILABILITY = YES_AGGRESSIVE;
				CLANG_WARN_UNREACHABLE_CODE = YES;
				CLANG_WARN__DUPLICATE_METHOD_MATCH = YES;
				COPY_PHASE_STRIP = NO;
				DEBUG_INFORMATION_FORMAT = dwarf;
				ENABLE_STRICT_OBJC_MSGSEND = YES;
				ENABLE_TESTABILITY = YES;
				GCC_C_LANGUAGE_STANDARD = gnu11;
				GCC_DYNAMIC_NO_PIC = NO;
				GCC_NO_COMMON_BLOCKS = YES;
				GCC_OPTIMIZATION_LEVEL = 0;
				GCC_PREPROCESSOR_DEFINITIONS = (
					"DEBUG=1",
					"$(inherited)",
				);
				GCC_WARN_64_TO_32_BIT_CONVERSION = YES;
				GCC_WARN_ABOUT_RETURN_TYPE = YES_ERROR;
				GCC_WARN_UNDECLARED_SELECTOR = YES;
				GCC_WARN_UNINITIALIZED_AUTOS = YES_AGGRESSIVE;
				GCC_WARN_UNUSED_FUNCTION = YES;
				GCC_WARN_UNUSED_VARIABLE = YES;
				IPHONEOS_DEPLOYMENT_TARGET = 16.2;
				MTL_ENABLE_DEBUG_INFO = INCLUDE_SOURCE;
				MTL_FAST_MATH = YES;
				ONLY_ACTIVE_ARCH = YES;
				SDKROOT = iphoneos;
				SWIFT_ACTIVE_COMPILATION_CONDITIONS = DEBUG;
				SWIFT_OPTIMIZATION_LEVEL = "-Onone";
			};
			name = Debug;
		};
		5DD2DB502B9FC4D300EF1636 /* Release */ = {
			isa = XCBuildConfiguration;
			buildSettings = {
				ALWAYS_SEARCH_USER_PATHS = NO;
				CLANG_ANALYZER_NONNULL = YES;
				CLANG_ANALYZER_NUMBER_OBJECT_CONVERSION = YES_AGGRESSIVE;
				CLANG_CXX_LANGUAGE_STANDARD = "gnu++20";
				CLANG_ENABLE_MODULES = YES;
				CLANG_ENABLE_OBJC_ARC = YES;
				CLANG_ENABLE_OBJC_WEAK = YES;
				CLANG_WARN_BLOCK_CAPTURE_AUTORELEASING = YES;
				CLANG_WARN_BOOL_CONVERSION = YES;
				CLANG_WARN_COMMA = YES;
				CLANG_WARN_CONSTANT_CONVERSION = YES;
				CLANG_WARN_DEPRECATED_OBJC_IMPLEMENTATIONS = YES;
				CLANG_WARN_DIRECT_OBJC_ISA_USAGE = YES_ERROR;
				CLANG_WARN_DOCUMENTATION_COMMENTS = YES;
				CLANG_WARN_EMPTY_BODY = YES;
				CLANG_WARN_ENUM_CONVERSION = YES;
				CLANG_WARN_INFINITE_RECURSION = YES;
				CLANG_WARN_INT_CONVERSION = YES;
				CLANG_WARN_NON_LITERAL_NULL_CONVERSION = YES;
				CLANG_WARN_OBJC_IMPLICIT_RETAIN_SELF = YES;
				CLANG_WARN_OBJC_LITERAL_CONVERSION = YES;
				CLANG_WARN_OBJC_ROOT_CLASS = YES_ERROR;
				CLANG_WARN_QUOTED_INCLUDE_IN_FRAMEWORK_HEADER = YES;
				CLANG_WARN_RANGE_LOOP_ANALYSIS = YES;
				CLANG_WARN_STRICT_PROTOTYPES = YES;
				CLANG_WARN_SUSPICIOUS_MOVE = YES;
				CLANG_WARN_UNGUARDED_AVAILABILITY = YES_AGGRESSIVE;
				CLANG_WARN_UNREACHABLE_CODE = YES;
				CLANG_WARN__DUPLICATE_METHOD_MATCH = YES;
				COPY_PHASE_STRIP = NO;
				DEBUG_INFORMATION_FORMAT = "dwarf-with-dsym";
				ENABLE_NS_ASSERTIONS = NO;
				ENABLE_STRICT_OBJC_MSGSEND = YES;
				GCC_C_LANGUAGE_STANDARD = gnu11;
				GCC_NO_COMMON_BLOCKS = YES;
				GCC_WARN_64_TO_32_BIT_CONVERSION = YES;
				GCC_WARN_ABOUT_RETURN_TYPE = YES_ERROR;
				GCC_WARN_UNDECLARED_SELECTOR = YES;
				GCC_WARN_UNINITIALIZED_AUTOS = YES_AGGRESSIVE;
				GCC_WARN_UNUSED_FUNCTION = YES;
				GCC_WARN_UNUSED_VARIABLE = YES;
				IPHONEOS_DEPLOYMENT_TARGET = 16.2;
				MTL_ENABLE_DEBUG_INFO = NO;
				MTL_FAST_MATH = YES;
				SDKROOT = iphoneos;
				SWIFT_COMPILATION_MODE = wholemodule;
				SWIFT_OPTIMIZATION_LEVEL = "-O";
				VALIDATE_PRODUCT = YES;
			};
			name = Release;
		};
		5DD2DB522B9FC4D300EF1636 /* Debug */ = {
			isa = XCBuildConfiguration;
			buildSettings = {
				ASSETCATALOG_COMPILER_APPICON_NAME = AppIcon;
				ASSETCATALOG_COMPILER_GLOBAL_ACCENT_COLOR_NAME = AccentColor;
				CODE_SIGN_STYLE = Automatic;
				CURRENT_PROJECT_VERSION = 1;
				DEVELOPMENT_TEAM = VBM5FN3M6N;
				GENERATE_INFOPLIST_FILE = YES;
				INFOPLIST_FILE = Tracker/Info.plist;
				INFOPLIST_KEY_UIApplicationSupportsIndirectInputEvents = YES;
				INFOPLIST_KEY_UILaunchStoryboardName = LaunchScreen;
				INFOPLIST_KEY_UIStatusBarHidden = NO;
				INFOPLIST_KEY_UIStatusBarStyle = UIStatusBarStyleLightContent;
				INFOPLIST_KEY_UISupportedInterfaceOrientations = UIInterfaceOrientationPortrait;
				INFOPLIST_KEY_UISupportedInterfaceOrientations_iPad = "UIInterfaceOrientationLandscapeLeft UIInterfaceOrientationLandscapeRight UIInterfaceOrientationPortrait UIInterfaceOrientationPortraitUpsideDown";
				IPHONEOS_DEPLOYMENT_TARGET = 13.4;
				LD_RUNPATH_SEARCH_PATHS = (
					"$(inherited)",
					"@executable_path/Frameworks",
				);
				MARKETING_VERSION = 1.0;
				PRODUCT_BUNDLE_IDENTIFIER = ru.lomakinaMS.Tracker.Tracker;
				PRODUCT_NAME = "$(TARGET_NAME)";
				SUPPORTED_PLATFORMS = "iphoneos iphonesimulator";
				SUPPORTS_MACCATALYST = NO;
				SUPPORTS_MAC_DESIGNED_FOR_IPHONE_IPAD = NO;
				SWIFT_EMIT_LOC_STRINGS = YES;
				SWIFT_VERSION = 5.0;
				TARGETED_DEVICE_FAMILY = 1;
			};
			name = Debug;
		};
		5DD2DB532B9FC4D300EF1636 /* Release */ = {
			isa = XCBuildConfiguration;
			buildSettings = {
				ASSETCATALOG_COMPILER_APPICON_NAME = AppIcon;
				ASSETCATALOG_COMPILER_GLOBAL_ACCENT_COLOR_NAME = AccentColor;
				CODE_SIGN_STYLE = Automatic;
				CURRENT_PROJECT_VERSION = 1;
				DEVELOPMENT_TEAM = VBM5FN3M6N;
				GENERATE_INFOPLIST_FILE = YES;
				INFOPLIST_FILE = Tracker/Info.plist;
				INFOPLIST_KEY_UIApplicationSupportsIndirectInputEvents = YES;
				INFOPLIST_KEY_UILaunchStoryboardName = LaunchScreen;
				INFOPLIST_KEY_UIStatusBarHidden = NO;
				INFOPLIST_KEY_UIStatusBarStyle = UIStatusBarStyleLightContent;
				INFOPLIST_KEY_UISupportedInterfaceOrientations = UIInterfaceOrientationPortrait;
				INFOPLIST_KEY_UISupportedInterfaceOrientations_iPad = "UIInterfaceOrientationLandscapeLeft UIInterfaceOrientationLandscapeRight UIInterfaceOrientationPortrait UIInterfaceOrientationPortraitUpsideDown";
				IPHONEOS_DEPLOYMENT_TARGET = 13.4;
				LD_RUNPATH_SEARCH_PATHS = (
					"$(inherited)",
					"@executable_path/Frameworks",
				);
				MARKETING_VERSION = 1.0;
				PRODUCT_BUNDLE_IDENTIFIER = ru.lomakinaMS.Tracker.Tracker;
				PRODUCT_NAME = "$(TARGET_NAME)";
				SUPPORTED_PLATFORMS = "iphoneos iphonesimulator";
				SUPPORTS_MACCATALYST = NO;
				SUPPORTS_MAC_DESIGNED_FOR_IPHONE_IPAD = NO;
				SWIFT_EMIT_LOC_STRINGS = YES;
				SWIFT_VERSION = 5.0;
				TARGETED_DEVICE_FAMILY = 1;
			};
			name = Release;
		};
/* End XCBuildConfiguration section */

/* Begin XCConfigurationList section */
		5DD2DB222B9FC4D000EF1636 /* Build configuration list for PBXProject "Tracker" */ = {
			isa = XCConfigurationList;
			buildConfigurations = (
				5DD2DB4F2B9FC4D300EF1636 /* Debug */,
				5DD2DB502B9FC4D300EF1636 /* Release */,
			);
			defaultConfigurationIsVisible = 0;
			defaultConfigurationName = Release;
		};
		5DD2DB512B9FC4D300EF1636 /* Build configuration list for PBXNativeTarget "Tracker" */ = {
			isa = XCConfigurationList;
			buildConfigurations = (
				5DD2DB522B9FC4D300EF1636 /* Debug */,
				5DD2DB532B9FC4D300EF1636 /* Release */,
			);
			defaultConfigurationIsVisible = 0;
			defaultConfigurationName = Release;
		};
/* End XCConfigurationList section */
	};
	rootObject = 5DD2DB1F2B9FC4D000EF1636 /* Project object */;
}
